// !$*UTF8*$!
{
	archiveVersion = 1;
	classes = {
	};
	objectVersion = 50;
	objects = {

/* Begin PBXBuildFile section */
		B606AFFA221B4D5D009056E3 /* UpgradeSlotsBar.swift in Sources */ = {isa = PBXBuildFile; fileRef = B606AFF9221B4D5D009056E3 /* UpgradeSlotsBar.swift */; };
		B60E895121F14A4C00A58579 /* SquadsEmptyView.swift in Sources */ = {isa = PBXBuildFile; fileRef = B60E895021F14A4C00A58579 /* SquadsEmptyView.swift */; };
		B65BCC9E21E3BA25005721A7 /* CardsPresentAnimationController.swift in Sources */ = {isa = PBXBuildFile; fileRef = B65BCC9D21E3BA25005721A7 /* CardsPresentAnimationController.swift */; };
		B65BCCA021E3BA37005721A7 /* CardsDismissAnimationController.swift in Sources */ = {isa = PBXBuildFile; fileRef = B65BCC9F21E3BA37005721A7 /* CardsDismissAnimationController.swift */; };
		B65BCD3021E4BE01005721A7 /* kimberley bl.ttf in Resources */ = {isa = PBXBuildFile; fileRef = B65BCD2F21E4BE01005721A7 /* kimberley bl.ttf */; };
		B65BCD3821E4C388005721A7 /* CostView.swift in Sources */ = {isa = PBXBuildFile; fileRef = B65BCD3721E4C388005721A7 /* CostView.swift */; };
		B65BCD3A21E4C5E2005721A7 /* Fonts.swift in Sources */ = {isa = PBXBuildFile; fileRef = B65BCD3921E4C5E2005721A7 /* Fonts.swift */; };
		B65BCD4121E4E7A6005721A7 /* XwingIcons.swift in Sources */ = {isa = PBXBuildFile; fileRef = B65BCD4021E4E7A6005721A7 /* XwingIcons.swift */; };
		B65BCD4421E4EB86005721A7 /* UpgradeButton.swift in Sources */ = {isa = PBXBuildFile; fileRef = B65BCD4321E4EB86005721A7 /* UpgradeButton.swift */; };
		B65BCD4721E53C5B005721A7 /* SettingsViewController.swift in Sources */ = {isa = PBXBuildFile; fileRef = B65BCD4621E53C5B005721A7 /* SettingsViewController.swift */; };
		B65BCD4921E53DEE005721A7 /* SettingCell.swift in Sources */ = {isa = PBXBuildFile; fileRef = B65BCD4821E53DEE005721A7 /* SettingCell.swift */; };
		B65BCD4C21E543EC005721A7 /* AcknowledgementsViewController.swift in Sources */ = {isa = PBXBuildFile; fileRef = B65BCD4B21E543EC005721A7 /* AcknowledgementsViewController.swift */; };
		B65BCD4F21E54852005721A7 /* DisclaimerViewController.swift in Sources */ = {isa = PBXBuildFile; fileRef = B65BCD4E21E54852005721A7 /* DisclaimerViewController.swift */; };
		B65BCD5521E561AF005721A7 /* DownloadViewController.swift in Sources */ = {isa = PBXBuildFile; fileRef = B65BCD5421E561AF005721A7 /* DownloadViewController.swift */; };
		B65F92B1222ACAAB005CCBEE /* CloudKit.framework in Frameworks */ = {isa = PBXBuildFile; fileRef = B65F92B0222ACAAB005CCBEE /* CloudKit.framework */; };
		B662FB0E21DD4C0000EF79F7 /* AppDelegate.swift in Sources */ = {isa = PBXBuildFile; fileRef = B662FB0D21DD4C0000EF79F7 /* AppDelegate.swift */; };
		B662FB1521DD4C0400EF79F7 /* Assets.xcassets in Resources */ = {isa = PBXBuildFile; fileRef = B662FB1421DD4C0400EF79F7 /* Assets.xcassets */; };
		B662FB1821DD4C0400EF79F7 /* LaunchScreen.storyboard in Resources */ = {isa = PBXBuildFile; fileRef = B662FB1621DD4C0400EF79F7 /* LaunchScreen.storyboard */; };
		B662FB3C21DE5F2900EF79F7 /* CardCollectionViewCell.swift in Sources */ = {isa = PBXBuildFile; fileRef = B662FB3B21DE5F2900EF79F7 /* CardCollectionViewCell.swift */; };
		B662FB4521DE6CAB00EF79F7 /* CardCollectionViewLayout.swift in Sources */ = {isa = PBXBuildFile; fileRef = B662FB4421DE6CAB00EF79F7 /* CardCollectionViewLayout.swift */; };
		B662FB4A21DE79F900EF79F7 /* CardView.swift in Sources */ = {isa = PBXBuildFile; fileRef = B662FB4921DE79F900EF79F7 /* CardView.swift */; };
		B662FB4E21DEB7E400EF79F7 /* SearchResultsViewController.swift in Sources */ = {isa = PBXBuildFile; fileRef = B662FB4D21DEB7E400EF79F7 /* SearchResultsViewController.swift */; };
		B662FB5221DFC3A400EF79F7 /* Kingfisher.framework in Frameworks */ = {isa = PBXBuildFile; fileRef = B662FB5121DFC3A400EF79F7 /* Kingfisher.framework */; };
		B66A14A82215F324001C6D8E /* TimerView.swift in Sources */ = {isa = PBXBuildFile; fileRef = B66A14A72215F324001C6D8E /* TimerView.swift */; };
		B66A14AB2215F6AB001C6D8E /* XButton.swift in Sources */ = {isa = PBXBuildFile; fileRef = B66A14AA2215F6AB001C6D8E /* XButton.swift */; };
		B66BE41D220E46630011203C /* SquadsViewController.swift in Sources */ = {isa = PBXBuildFile; fileRef = B66BE41C220E46630011203C /* SquadsViewController.swift */; };
		B671C90E21E651AE0034C7C9 /* ImageDownloadViewController.swift in Sources */ = {isa = PBXBuildFile; fileRef = B671C90D21E651AE0034C7C9 /* ImageDownloadViewController.swift */; };
		B671C93521E7589F0034C7C9 /* Squad.swift in Sources */ = {isa = PBXBuildFile; fileRef = B671C93421E7589F0034C7C9 /* Squad.swift */; };
		B671C93721E767AD0034C7C9 /* SquadStore.swift in Sources */ = {isa = PBXBuildFile; fileRef = B671C93621E767AD0034C7C9 /* SquadStore.swift */; };
		B671C93A21E76C2D0034C7C9 /* NewSquadViewController.swift in Sources */ = {isa = PBXBuildFile; fileRef = B671C93921E76C2D0034C7C9 /* NewSquadViewController.swift */; };
		B671C93D21E76DC80034C7C9 /* FactionCell.swift in Sources */ = {isa = PBXBuildFile; fileRef = B671C93C21E76DC80034C7C9 /* FactionCell.swift */; };
		B671C93F21E798410034C7C9 /* SquadCell.swift in Sources */ = {isa = PBXBuildFile; fileRef = B671C93E21E798410034C7C9 /* SquadCell.swift */; };
		B671C94221E7BC540034C7C9 /* SquadViewController.swift in Sources */ = {isa = PBXBuildFile; fileRef = B671C94121E7BC540034C7C9 /* SquadViewController.swift */; };
		B671C94621E8BBC80034C7C9 /* MemberView.swift in Sources */ = {isa = PBXBuildFile; fileRef = B671C94521E8BBC80034C7C9 /* MemberView.swift */; };
		B671C94921E8E3BC0034C7C9 /* AddPilotViewController.swift in Sources */ = {isa = PBXBuildFile; fileRef = B671C94821E8E3BC0034C7C9 /* AddPilotViewController.swift */; };
		B671C97E21E8FED00034C7C9 /* CardsCollectionViewController.swift in Sources */ = {isa = PBXBuildFile; fileRef = B671C97D21E8FED00034C7C9 /* CardsCollectionViewController.swift */; };
		B671C98121E90BDD0034C7C9 /* CardsSectionHeaderView.swift in Sources */ = {isa = PBXBuildFile; fileRef = B671C98021E90BDD0034C7C9 /* CardsSectionHeaderView.swift */; };
		B671C98A21EBC0F10034C7C9 /* SquadHeaderView.swift in Sources */ = {isa = PBXBuildFile; fileRef = B671C98921EBC0F10034C7C9 /* SquadHeaderView.swift */; };
		B671C98D21EBC54E0034C7C9 /* SelectUpgradeViewController.swift in Sources */ = {isa = PBXBuildFile; fileRef = B671C98C21EBC54E0034C7C9 /* SelectUpgradeViewController.swift */; };
		B671C9C921EE11740034C7C9 /* PullToDismissController.swift in Sources */ = {isa = PBXBuildFile; fileRef = B671C9C821EE11740034C7C9 /* PullToDismissController.swift */; };
		B671C9CC21EFEF400034C7C9 /* EditMemberView.swift in Sources */ = {isa = PBXBuildFile; fileRef = B671C9CB21EFEF400034C7C9 /* EditMemberView.swift */; };
		B671CA5E21F0F4310034C7C9 /* SquadButton.swift in Sources */ = {isa = PBXBuildFile; fileRef = B671CA5D21F0F4300034C7C9 /* SquadButton.swift */; };
		B6A48E59222C1A3E0003DB3F /* SquadCloudStore.swift in Sources */ = {isa = PBXBuildFile; fileRef = B6A48E58222C1A3E0003DB3F /* SquadCloudStore.swift */; };
		B6D4C8D622143AE3002D598A /* Game.swift in Sources */ = {isa = PBXBuildFile; fileRef = B6D4C8D522143AE3002D598A /* Game.swift */; };
		B6D4C8D82214634D002D598A /* NewGameViewController.swift in Sources */ = {isa = PBXBuildFile; fileRef = B6D4C8D72214634D002D598A /* NewGameViewController.swift */; };
		B6D4C8DA22146C27002D598A /* SelectSquadViewController.swift in Sources */ = {isa = PBXBuildFile; fileRef = B6D4C8D922146C27002D598A /* SelectSquadViewController.swift */; };
		B6D4C8DD22146CB2002D598A /* EditSquadsViewController.swift in Sources */ = {isa = PBXBuildFile; fileRef = B6D4C8DC22146CB2002D598A /* EditSquadsViewController.swift */; };
		B6D4C8E422148214002D598A /* GameSquadViewController.swift in Sources */ = {isa = PBXBuildFile; fileRef = B6D4C8E322148214002D598A /* GameSquadViewController.swift */; };
		B6D4C8E62214840A002D598A /* EditSquadViewController.swift in Sources */ = {isa = PBXBuildFile; fileRef = B6D4C8E52214840A002D598A /* EditSquadViewController.swift */; };
		B6D4C8EA2214A4E3002D598A /* GameMemberView.swift in Sources */ = {isa = PBXBuildFile; fileRef = B6D4C8E92214A4E3002D598A /* GameMemberView.swift */; };
		B6D4C8EC2214AB46002D598A /* GameSquadMemberStateView.swift in Sources */ = {isa = PBXBuildFile; fileRef = B6D4C8EB2214AB46002D598A /* GameSquadMemberStateView.swift */; };
		B6D4C8EE2214BAD1002D598A /* TokenView.swift in Sources */ = {isa = PBXBuildFile; fileRef = B6D4C8ED2214BAD1002D598A /* TokenView.swift */; };
		B6D4C8F02214BE92002D598A /* TokenStackView.swift in Sources */ = {isa = PBXBuildFile; fileRef = B6D4C8EF2214BE92002D598A /* TokenStackView.swift */; };
		B6DABABE222091450051E8DA /* SquadInfoViewController.swift in Sources */ = {isa = PBXBuildFile; fileRef = B6DABABD222091450051E8DA /* SquadInfoViewController.swift */; };
		B6DABAC0222093BD0051E8DA /* SquadInfoActionButton.swift in Sources */ = {isa = PBXBuildFile; fileRef = B6DABABF222093BD0051E8DA /* SquadInfoActionButton.swift */; };
		B6DCAD4C222DC924001F1DD8 /* Zip.framework in Frameworks */ = {isa = PBXBuildFile; fileRef = B6DCAD4B222DC924001F1DD8 /* Zip.framework */; };
		B6E39671220F29FE001451C1 /* SearchViewController.swift in Sources */ = {isa = PBXBuildFile; fileRef = B6E39670220F29FE001451C1 /* SearchViewController.swift */; };
		B6E39675220F319E001451C1 /* GameViewController.swift in Sources */ = {isa = PBXBuildFile; fileRef = B6E39674220F319E001451C1 /* GameViewController.swift */; };
		B6E3EBC2221F2B5F00EDB318 /* CardDetailsCollectionViewController.swift in Sources */ = {isa = PBXBuildFile; fileRef = B6E3EBC1221F2B5F00EDB318 /* CardDetailsCollectionViewController.swift */; };
		B6E3EBC4221F314100EDB318 /* CardDetailsCollectionViewCell.swift in Sources */ = {isa = PBXBuildFile; fileRef = B6E3EBC3221F314100EDB318 /* CardDetailsCollectionViewCell.swift */; };
		B6EC67C221F72C7C00D2BA5D /* data in Copy X-Wing Data */ = {isa = PBXBuildFile; fileRef = B6EC67C121F72C7C00D2BA5D /* data */; };
		B6EC67D121F7361700D2BA5D /* Ship.swift in Sources */ = {isa = PBXBuildFile; fileRef = B6EC67D021F7361700D2BA5D /* Ship.swift */; };
		B6EC67D321F736C800D2BA5D /* Faction.swift in Sources */ = {isa = PBXBuildFile; fileRef = B6EC67D221F736C800D2BA5D /* Faction.swift */; };
		B6EC67D821F73B7300D2BA5D /* Pilot.swift in Sources */ = {isa = PBXBuildFile; fileRef = B6EC67D721F73B7300D2BA5D /* Pilot.swift */; };
		B6EC67DA21F73C0B00D2BA5D /* Upgrade.swift in Sources */ = {isa = PBXBuildFile; fileRef = B6EC67D921F73C0B00D2BA5D /* Upgrade.swift */; };
		B6EC67DC21F7501B00D2BA5D /* Action.swift in Sources */ = {isa = PBXBuildFile; fileRef = B6EC67DB21F7501B00D2BA5D /* Action.swift */; };
		B6EC67DE21F7545C00D2BA5D /* Force.swift in Sources */ = {isa = PBXBuildFile; fileRef = B6EC67DD21F7545C00D2BA5D /* Force.swift */; };
		B6EC67E021F7577200D2BA5D /* Charges.swift in Sources */ = {isa = PBXBuildFile; fileRef = B6EC67DF21F7577200D2BA5D /* Charges.swift */; };
		B6EC67E221F75B1500D2BA5D /* Member.swift in Sources */ = {isa = PBXBuildFile; fileRef = B6EC67E121F75B1500D2BA5D /* Member.swift */; };
		B6EC67E521F76D2600D2BA5D /* Card.swift in Sources */ = {isa = PBXBuildFile; fileRef = B6EC67E421F76D2600D2BA5D /* Card.swift */; };
		B6EC67E721F76E9500D2BA5D /* DataStore.swift in Sources */ = {isa = PBXBuildFile; fileRef = B6EC67E621F76E9500D2BA5D /* DataStore.swift */; };
		B6EC67E921F8A7E800D2BA5D /* CardSearch.swift in Sources */ = {isa = PBXBuildFile; fileRef = B6EC67E821F8A7E800D2BA5D /* CardSearch.swift */; };
		B6F6065721FA330700D108E6 /* xwing-miniatures.ttf in Resources */ = {isa = PBXBuildFile; fileRef = B6F6065521FA330700D108E6 /* xwing-miniatures.ttf */; };
		B6F6065821FA330700D108E6 /* xwing-miniatures-ships.ttf in Resources */ = {isa = PBXBuildFile; fileRef = B6F6065621FA330700D108E6 /* xwing-miniatures-ships.ttf */; };
		B6F6065B21FA546300D108E6 /* XWS.swift in Sources */ = {isa = PBXBuildFile; fileRef = B6F6065A21FA546300D108E6 /* XWS.swift */; };
		B6F6065D21FA59DC00D108E6 /* XWSConverter.swift in Sources */ = {isa = PBXBuildFile; fileRef = B6F6065C21FA59DC00D108E6 /* XWSConverter.swift */; };
		B6F6066021FA72ED00D108E6 /* QRCodeViewController.swift in Sources */ = {isa = PBXBuildFile; fileRef = B6F6065F21FA72ED00D108E6 /* QRCodeViewController.swift */; };
		B6F6066721FB518100D108E6 /* ScanViewController.swift in Sources */ = {isa = PBXBuildFile; fileRef = B6F6066621FB518100D108E6 /* ScanViewController.swift */; };
		B6F6066F21FB614A00D108E6 /* SquadEmptyView.swift in Sources */ = {isa = PBXBuildFile; fileRef = B6F6066E21FB614A00D108E6 /* SquadEmptyView.swift */; };
		B6F6067A220201B300D108E6 /* SmallButton.swift in Sources */ = {isa = PBXBuildFile; fileRef = B6F60679220201B300D108E6 /* SmallButton.swift */; };
		B6F6068D220332CD00D108E6 /* DialView.swift in Sources */ = {isa = PBXBuildFile; fileRef = B6F6068C220332CD00D108E6 /* DialView.swift */; };
/* End PBXBuildFile section */

/* Begin PBXCopyFilesBuildPhase section */
		B662FB2B21DE1BED00EF79F7 /* Embed Frameworks */ = {
			isa = PBXCopyFilesBuildPhase;
			buildActionMask = 2147483647;
			dstPath = "";
			dstSubfolderSpec = 10;
			files = (
			);
			name = "Embed Frameworks";
			runOnlyForDeploymentPostprocessing = 0;
		};
		B6EC675321F72B1D00D2BA5D /* Copy X-Wing Data */ = {
			isa = PBXCopyFilesBuildPhase;
			buildActionMask = 2147483647;
			dstPath = "";
			dstSubfolderSpec = 7;
			files = (
				B6EC67C221F72C7C00D2BA5D /* data in Copy X-Wing Data */,
			);
			name = "Copy X-Wing Data";
			runOnlyForDeploymentPostprocessing = 0;
		};
/* End PBXCopyFilesBuildPhase section */

/* Begin PBXFileReference section */
		B606AFF9221B4D5D009056E3 /* UpgradeSlotsBar.swift */ = {isa = PBXFileReference; lastKnownFileType = sourcecode.swift; path = UpgradeSlotsBar.swift; sourceTree = "<group>"; };
		B60E895021F14A4C00A58579 /* SquadsEmptyView.swift */ = {isa = PBXFileReference; lastKnownFileType = sourcecode.swift; path = SquadsEmptyView.swift; sourceTree = "<group>"; };
		B65BCC9D21E3BA25005721A7 /* CardsPresentAnimationController.swift */ = {isa = PBXFileReference; lastKnownFileType = sourcecode.swift; path = CardsPresentAnimationController.swift; sourceTree = "<group>"; };
		B65BCC9F21E3BA37005721A7 /* CardsDismissAnimationController.swift */ = {isa = PBXFileReference; lastKnownFileType = sourcecode.swift; path = CardsDismissAnimationController.swift; sourceTree = "<group>"; };
		B65BCD2F21E4BE01005721A7 /* kimberley bl.ttf */ = {isa = PBXFileReference; lastKnownFileType = file; path = "kimberley bl.ttf"; sourceTree = "<group>"; };
		B65BCD3721E4C388005721A7 /* CostView.swift */ = {isa = PBXFileReference; lastKnownFileType = sourcecode.swift; path = CostView.swift; sourceTree = "<group>"; };
		B65BCD3921E4C5E2005721A7 /* Fonts.swift */ = {isa = PBXFileReference; lastKnownFileType = sourcecode.swift; path = Fonts.swift; sourceTree = "<group>"; };
		B65BCD4021E4E7A6005721A7 /* XwingIcons.swift */ = {isa = PBXFileReference; lastKnownFileType = sourcecode.swift; path = XwingIcons.swift; sourceTree = "<group>"; };
		B65BCD4321E4EB86005721A7 /* UpgradeButton.swift */ = {isa = PBXFileReference; lastKnownFileType = sourcecode.swift; path = UpgradeButton.swift; sourceTree = "<group>"; };
		B65BCD4621E53C5B005721A7 /* SettingsViewController.swift */ = {isa = PBXFileReference; lastKnownFileType = sourcecode.swift; path = SettingsViewController.swift; sourceTree = "<group>"; };
		B65BCD4821E53DEE005721A7 /* SettingCell.swift */ = {isa = PBXFileReference; lastKnownFileType = sourcecode.swift; path = SettingCell.swift; sourceTree = "<group>"; };
		B65BCD4B21E543EC005721A7 /* AcknowledgementsViewController.swift */ = {isa = PBXFileReference; lastKnownFileType = sourcecode.swift; path = AcknowledgementsViewController.swift; sourceTree = "<group>"; };
		B65BCD4E21E54852005721A7 /* DisclaimerViewController.swift */ = {isa = PBXFileReference; lastKnownFileType = sourcecode.swift; path = DisclaimerViewController.swift; sourceTree = "<group>"; };
		B65BCD5421E561AF005721A7 /* DownloadViewController.swift */ = {isa = PBXFileReference; lastKnownFileType = sourcecode.swift; path = DownloadViewController.swift; sourceTree = "<group>"; };
		B65F92AF222ACAA2005CCBEE /* X-Squad.entitlements */ = {isa = PBXFileReference; lastKnownFileType = text.plist.entitlements; path = "X-Squad.entitlements"; sourceTree = "<group>"; };
		B65F92B0222ACAAB005CCBEE /* CloudKit.framework */ = {isa = PBXFileReference; lastKnownFileType = wrapper.framework; name = CloudKit.framework; path = System/Library/Frameworks/CloudKit.framework; sourceTree = SDKROOT; };
		B662FB0A21DD4C0000EF79F7 /* X-Squad.app */ = {isa = PBXFileReference; explicitFileType = wrapper.application; includeInIndex = 0; path = "X-Squad.app"; sourceTree = BUILT_PRODUCTS_DIR; };
		B662FB0D21DD4C0000EF79F7 /* AppDelegate.swift */ = {isa = PBXFileReference; lastKnownFileType = sourcecode.swift; path = AppDelegate.swift; sourceTree = "<group>"; };
		B662FB1421DD4C0400EF79F7 /* Assets.xcassets */ = {isa = PBXFileReference; lastKnownFileType = folder.assetcatalog; path = Assets.xcassets; sourceTree = "<group>"; };
		B662FB1721DD4C0400EF79F7 /* Base */ = {isa = PBXFileReference; lastKnownFileType = file.storyboard; name = Base; path = Base.lproj/LaunchScreen.storyboard; sourceTree = "<group>"; };
		B662FB1921DD4C0400EF79F7 /* Info.plist */ = {isa = PBXFileReference; lastKnownFileType = text.plist.xml; path = Info.plist; sourceTree = "<group>"; };
		B662FB3B21DE5F2900EF79F7 /* CardCollectionViewCell.swift */ = {isa = PBXFileReference; lastKnownFileType = sourcecode.swift; path = CardCollectionViewCell.swift; sourceTree = "<group>"; };
		B662FB4421DE6CAB00EF79F7 /* CardCollectionViewLayout.swift */ = {isa = PBXFileReference; lastKnownFileType = sourcecode.swift; path = CardCollectionViewLayout.swift; sourceTree = "<group>"; };
		B662FB4921DE79F900EF79F7 /* CardView.swift */ = {isa = PBXFileReference; lastKnownFileType = sourcecode.swift; path = CardView.swift; sourceTree = "<group>"; };
		B662FB4D21DEB7E400EF79F7 /* SearchResultsViewController.swift */ = {isa = PBXFileReference; lastKnownFileType = sourcecode.swift; path = SearchResultsViewController.swift; sourceTree = "<group>"; };
		B662FB5121DFC3A400EF79F7 /* Kingfisher.framework */ = {isa = PBXFileReference; lastKnownFileType = wrapper.framework; name = Kingfisher.framework; path = Carthage/Build/iOS/Kingfisher.framework; sourceTree = "<group>"; };
		B66A14A72215F324001C6D8E /* TimerView.swift */ = {isa = PBXFileReference; lastKnownFileType = sourcecode.swift; path = TimerView.swift; sourceTree = "<group>"; };
		B66A14AA2215F6AB001C6D8E /* XButton.swift */ = {isa = PBXFileReference; lastKnownFileType = sourcecode.swift; path = XButton.swift; sourceTree = "<group>"; };
		B66BE41C220E46630011203C /* SquadsViewController.swift */ = {isa = PBXFileReference; lastKnownFileType = sourcecode.swift; path = SquadsViewController.swift; sourceTree = "<group>"; };
		B671C90D21E651AE0034C7C9 /* ImageDownloadViewController.swift */ = {isa = PBXFileReference; lastKnownFileType = sourcecode.swift; path = ImageDownloadViewController.swift; sourceTree = "<group>"; };
		B671C93421E7589F0034C7C9 /* Squad.swift */ = {isa = PBXFileReference; lastKnownFileType = sourcecode.swift; path = Squad.swift; sourceTree = "<group>"; };
		B671C93621E767AD0034C7C9 /* SquadStore.swift */ = {isa = PBXFileReference; lastKnownFileType = sourcecode.swift; path = SquadStore.swift; sourceTree = "<group>"; };
		B671C93921E76C2D0034C7C9 /* NewSquadViewController.swift */ = {isa = PBXFileReference; lastKnownFileType = sourcecode.swift; path = NewSquadViewController.swift; sourceTree = "<group>"; };
		B671C93C21E76DC80034C7C9 /* FactionCell.swift */ = {isa = PBXFileReference; lastKnownFileType = sourcecode.swift; path = FactionCell.swift; sourceTree = "<group>"; };
		B671C93E21E798410034C7C9 /* SquadCell.swift */ = {isa = PBXFileReference; lastKnownFileType = sourcecode.swift; path = SquadCell.swift; sourceTree = "<group>"; };
		B671C94121E7BC540034C7C9 /* SquadViewController.swift */ = {isa = PBXFileReference; lastKnownFileType = sourcecode.swift; path = SquadViewController.swift; sourceTree = "<group>"; };
		B671C94521E8BBC80034C7C9 /* MemberView.swift */ = {isa = PBXFileReference; lastKnownFileType = sourcecode.swift; path = MemberView.swift; sourceTree = "<group>"; };
		B671C94821E8E3BC0034C7C9 /* AddPilotViewController.swift */ = {isa = PBXFileReference; lastKnownFileType = sourcecode.swift; path = AddPilotViewController.swift; sourceTree = "<group>"; };
		B671C97D21E8FED00034C7C9 /* CardsCollectionViewController.swift */ = {isa = PBXFileReference; lastKnownFileType = sourcecode.swift; path = CardsCollectionViewController.swift; sourceTree = "<group>"; };
		B671C98021E90BDD0034C7C9 /* CardsSectionHeaderView.swift */ = {isa = PBXFileReference; lastKnownFileType = sourcecode.swift; path = CardsSectionHeaderView.swift; sourceTree = "<group>"; };
		B671C98921EBC0F10034C7C9 /* SquadHeaderView.swift */ = {isa = PBXFileReference; lastKnownFileType = sourcecode.swift; path = SquadHeaderView.swift; sourceTree = "<group>"; };
		B671C98C21EBC54E0034C7C9 /* SelectUpgradeViewController.swift */ = {isa = PBXFileReference; lastKnownFileType = sourcecode.swift; path = SelectUpgradeViewController.swift; sourceTree = "<group>"; };
		B671C9C821EE11740034C7C9 /* PullToDismissController.swift */ = {isa = PBXFileReference; lastKnownFileType = sourcecode.swift; path = PullToDismissController.swift; sourceTree = "<group>"; };
		B671C9CB21EFEF400034C7C9 /* EditMemberView.swift */ = {isa = PBXFileReference; lastKnownFileType = sourcecode.swift; path = EditMemberView.swift; sourceTree = "<group>"; };
		B671CA5D21F0F4300034C7C9 /* SquadButton.swift */ = {isa = PBXFileReference; lastKnownFileType = sourcecode.swift; path = SquadButton.swift; sourceTree = "<group>"; };
		B6A48E58222C1A3E0003DB3F /* SquadCloudStore.swift */ = {isa = PBXFileReference; lastKnownFileType = sourcecode.swift; path = SquadCloudStore.swift; sourceTree = "<group>"; };
		B6D4C8D522143AE3002D598A /* Game.swift */ = {isa = PBXFileReference; lastKnownFileType = sourcecode.swift; path = Game.swift; sourceTree = "<group>"; };
		B6D4C8D72214634D002D598A /* NewGameViewController.swift */ = {isa = PBXFileReference; lastKnownFileType = sourcecode.swift; path = NewGameViewController.swift; sourceTree = "<group>"; };
		B6D4C8D922146C27002D598A /* SelectSquadViewController.swift */ = {isa = PBXFileReference; lastKnownFileType = sourcecode.swift; path = SelectSquadViewController.swift; sourceTree = "<group>"; };
		B6D4C8DC22146CB2002D598A /* EditSquadsViewController.swift */ = {isa = PBXFileReference; lastKnownFileType = sourcecode.swift; path = EditSquadsViewController.swift; sourceTree = "<group>"; };
		B6D4C8E322148214002D598A /* GameSquadViewController.swift */ = {isa = PBXFileReference; lastKnownFileType = sourcecode.swift; path = GameSquadViewController.swift; sourceTree = "<group>"; };
		B6D4C8E52214840A002D598A /* EditSquadViewController.swift */ = {isa = PBXFileReference; lastKnownFileType = sourcecode.swift; path = EditSquadViewController.swift; sourceTree = "<group>"; };
		B6D4C8E92214A4E3002D598A /* GameMemberView.swift */ = {isa = PBXFileReference; lastKnownFileType = sourcecode.swift; path = GameMemberView.swift; sourceTree = "<group>"; };
		B6D4C8EB2214AB46002D598A /* GameSquadMemberStateView.swift */ = {isa = PBXFileReference; lastKnownFileType = sourcecode.swift; path = GameSquadMemberStateView.swift; sourceTree = "<group>"; };
		B6D4C8ED2214BAD1002D598A /* TokenView.swift */ = {isa = PBXFileReference; lastKnownFileType = sourcecode.swift; path = TokenView.swift; sourceTree = "<group>"; };
		B6D4C8EF2214BE92002D598A /* TokenStackView.swift */ = {isa = PBXFileReference; lastKnownFileType = sourcecode.swift; path = TokenStackView.swift; sourceTree = "<group>"; };
		B6DABABD222091450051E8DA /* SquadInfoViewController.swift */ = {isa = PBXFileReference; lastKnownFileType = sourcecode.swift; path = SquadInfoViewController.swift; sourceTree = "<group>"; };
		B6DABABF222093BD0051E8DA /* SquadInfoActionButton.swift */ = {isa = PBXFileReference; lastKnownFileType = sourcecode.swift; path = SquadInfoActionButton.swift; sourceTree = "<group>"; };
		B6DCAD4B222DC924001F1DD8 /* Zip.framework */ = {isa = PBXFileReference; lastKnownFileType = wrapper.framework; name = Zip.framework; path = Carthage/Build/iOS/Zip.framework; sourceTree = "<group>"; };
		B6E39670220F29FE001451C1 /* SearchViewController.swift */ = {isa = PBXFileReference; lastKnownFileType = sourcecode.swift; path = SearchViewController.swift; sourceTree = "<group>"; };
		B6E39674220F319E001451C1 /* GameViewController.swift */ = {isa = PBXFileReference; lastKnownFileType = sourcecode.swift; path = GameViewController.swift; sourceTree = "<group>"; };
		B6E3EBC1221F2B5F00EDB318 /* CardDetailsCollectionViewController.swift */ = {isa = PBXFileReference; lastKnownFileType = sourcecode.swift; path = CardDetailsCollectionViewController.swift; sourceTree = "<group>"; };
		B6E3EBC3221F314100EDB318 /* CardDetailsCollectionViewCell.swift */ = {isa = PBXFileReference; lastKnownFileType = sourcecode.swift; path = CardDetailsCollectionViewCell.swift; sourceTree = "<group>"; };
		B6EC67C121F72C7C00D2BA5D /* data */ = {isa = PBXFileReference; lastKnownFileType = folder; name = data; path = "X-Wing-Data-2/data"; sourceTree = "<group>"; };
		B6EC67D021F7361700D2BA5D /* Ship.swift */ = {isa = PBXFileReference; lastKnownFileType = sourcecode.swift; path = Ship.swift; sourceTree = "<group>"; };
		B6EC67D221F736C800D2BA5D /* Faction.swift */ = {isa = PBXFileReference; lastKnownFileType = sourcecode.swift; path = Faction.swift; sourceTree = "<group>"; };
		B6EC67D721F73B7300D2BA5D /* Pilot.swift */ = {isa = PBXFileReference; lastKnownFileType = sourcecode.swift; path = Pilot.swift; sourceTree = "<group>"; };
		B6EC67D921F73C0B00D2BA5D /* Upgrade.swift */ = {isa = PBXFileReference; lastKnownFileType = sourcecode.swift; path = Upgrade.swift; sourceTree = "<group>"; };
		B6EC67DB21F7501B00D2BA5D /* Action.swift */ = {isa = PBXFileReference; lastKnownFileType = sourcecode.swift; path = Action.swift; sourceTree = "<group>"; };
		B6EC67DD21F7545C00D2BA5D /* Force.swift */ = {isa = PBXFileReference; lastKnownFileType = sourcecode.swift; path = Force.swift; sourceTree = "<group>"; };
		B6EC67DF21F7577200D2BA5D /* Charges.swift */ = {isa = PBXFileReference; lastKnownFileType = sourcecode.swift; path = Charges.swift; sourceTree = "<group>"; };
		B6EC67E121F75B1500D2BA5D /* Member.swift */ = {isa = PBXFileReference; lastKnownFileType = sourcecode.swift; path = Member.swift; sourceTree = "<group>"; };
		B6EC67E421F76D2600D2BA5D /* Card.swift */ = {isa = PBXFileReference; lastKnownFileType = sourcecode.swift; path = Card.swift; sourceTree = "<group>"; };
		B6EC67E621F76E9500D2BA5D /* DataStore.swift */ = {isa = PBXFileReference; lastKnownFileType = sourcecode.swift; path = DataStore.swift; sourceTree = "<group>"; };
		B6EC67E821F8A7E800D2BA5D /* CardSearch.swift */ = {isa = PBXFileReference; lastKnownFileType = sourcecode.swift; path = CardSearch.swift; sourceTree = "<group>"; };
		B6F6065521FA330700D108E6 /* xwing-miniatures.ttf */ = {isa = PBXFileReference; lastKnownFileType = file; name = "xwing-miniatures.ttf"; path = "X-Wing-Miniatures-Font/src/fonts/xwing-miniatures.ttf"; sourceTree = SOURCE_ROOT; };
		B6F6065621FA330700D108E6 /* xwing-miniatures-ships.ttf */ = {isa = PBXFileReference; lastKnownFileType = file; name = "xwing-miniatures-ships.ttf"; path = "X-Wing-Miniatures-Font/src/fonts/xwing-miniatures-ships.ttf"; sourceTree = SOURCE_ROOT; };
		B6F6065A21FA546300D108E6 /* XWS.swift */ = {isa = PBXFileReference; lastKnownFileType = sourcecode.swift; path = XWS.swift; sourceTree = "<group>"; };
		B6F6065C21FA59DC00D108E6 /* XWSConverter.swift */ = {isa = PBXFileReference; lastKnownFileType = sourcecode.swift; path = XWSConverter.swift; sourceTree = "<group>"; };
		B6F6065F21FA72ED00D108E6 /* QRCodeViewController.swift */ = {isa = PBXFileReference; lastKnownFileType = sourcecode.swift; path = QRCodeViewController.swift; sourceTree = "<group>"; };
		B6F6066621FB518100D108E6 /* ScanViewController.swift */ = {isa = PBXFileReference; lastKnownFileType = sourcecode.swift; path = ScanViewController.swift; sourceTree = "<group>"; };
		B6F6066E21FB614A00D108E6 /* SquadEmptyView.swift */ = {isa = PBXFileReference; lastKnownFileType = sourcecode.swift; path = SquadEmptyView.swift; sourceTree = "<group>"; };
		B6F60679220201B300D108E6 /* SmallButton.swift */ = {isa = PBXFileReference; lastKnownFileType = sourcecode.swift; path = SmallButton.swift; sourceTree = "<group>"; };
		B6F6068C220332CD00D108E6 /* DialView.swift */ = {isa = PBXFileReference; lastKnownFileType = sourcecode.swift; path = DialView.swift; sourceTree = "<group>"; };
/* End PBXFileReference section */

/* Begin PBXFrameworksBuildPhase section */
		B662FB0721DD4C0000EF79F7 /* Frameworks */ = {
			isa = PBXFrameworksBuildPhase;
			buildActionMask = 2147483647;
			files = (
				B6DCAD4C222DC924001F1DD8 /* Zip.framework in Frameworks */,
				B65F92B1222ACAAB005CCBEE /* CloudKit.framework in Frameworks */,
				B662FB5221DFC3A400EF79F7 /* Kingfisher.framework in Frameworks */,
			);
			runOnlyForDeploymentPostprocessing = 0;
		};
/* End PBXFrameworksBuildPhase section */

/* Begin PBXGroup section */
		B606AFF8221B4D39009056E3 /* Upgrades */ = {
			isa = PBXGroup;
			children = (
				B606AFF9221B4D5D009056E3 /* UpgradeSlotsBar.swift */,
			);
			path = Upgrades;
			sourceTree = "<group>";
		};
		B65BCC9C21E3BA06005721A7 /* Transitions */ = {
			isa = PBXGroup;
			children = (
				B671C9C721EE11420034C7C9 /* Pull Down to Dismiss */,
				B65BCC9D21E3BA25005721A7 /* CardsPresentAnimationController.swift */,
				B65BCC9F21E3BA37005721A7 /* CardsDismissAnimationController.swift */,
			);
			path = Transitions;
			sourceTree = "<group>";
		};
		B65BCCDE21E4BD4E005721A7 /* Fonts */ = {
			isa = PBXGroup;
			children = (
				B65BCD3921E4C5E2005721A7 /* Fonts.swift */,
				B65BCD3B21E4E754005721A7 /* X-wing */,
				B65BCD2E21E4BDF0005721A7 /* Kimberley */,
			);
			path = Fonts;
			sourceTree = "<group>";
		};
		B65BCD2E21E4BDF0005721A7 /* Kimberley */ = {
			isa = PBXGroup;
			children = (
				B65BCD2F21E4BE01005721A7 /* kimberley bl.ttf */,
			);
			path = Kimberley;
			sourceTree = "<group>";
		};
		B65BCD3621E4C37E005721A7 /* Cost */ = {
			isa = PBXGroup;
			children = (
				B65BCD3721E4C388005721A7 /* CostView.swift */,
			);
			path = Cost;
			sourceTree = "<group>";
		};
		B65BCD3B21E4E754005721A7 /* X-wing */ = {
			isa = PBXGroup;
			children = (
				B65BCD4021E4E7A6005721A7 /* XwingIcons.swift */,
				B6F6065621FA330700D108E6 /* xwing-miniatures-ships.ttf */,
				B6F6065521FA330700D108E6 /* xwing-miniatures.ttf */,
			);
			path = "X-wing";
			sourceTree = "<group>";
		};
		B65BCD4221E4EB77005721A7 /* Upgrade Button */ = {
			isa = PBXGroup;
			children = (
				B65BCD4321E4EB86005721A7 /* UpgradeButton.swift */,
			);
			path = "Upgrade Button";
			sourceTree = "<group>";
		};
		B65BCD4521E53C4A005721A7 /* Settings */ = {
			isa = PBXGroup;
			children = (
				B65BCD4621E53C5B005721A7 /* SettingsViewController.swift */,
				B65BCD4821E53DEE005721A7 /* SettingCell.swift */,
				B65BCD4D21E54844005721A7 /* Disclaimer */,
				B65BCD4A21E543D7005721A7 /* Acknowledgements */,
				B65BCD5321E5619C005721A7 /* Download */,
			);
			path = Settings;
			sourceTree = "<group>";
		};
		B65BCD4A21E543D7005721A7 /* Acknowledgements */ = {
			isa = PBXGroup;
			children = (
				B65BCD4B21E543EC005721A7 /* AcknowledgementsViewController.swift */,
			);
			path = Acknowledgements;
			sourceTree = "<group>";
		};
		B65BCD4D21E54844005721A7 /* Disclaimer */ = {
			isa = PBXGroup;
			children = (
				B65BCD4E21E54852005721A7 /* DisclaimerViewController.swift */,
			);
			path = Disclaimer;
			sourceTree = "<group>";
		};
		B65BCD5321E5619C005721A7 /* Download */ = {
			isa = PBXGroup;
			children = (
				B671C90C21E6519C0034C7C9 /* Image Download */,
				B65BCD5421E561AF005721A7 /* DownloadViewController.swift */,
			);
			path = Download;
			sourceTree = "<group>";
		};
		B662FB0121DD4C0000EF79F7 = {
			isa = PBXGroup;
			children = (
				B662FB0C21DD4C0000EF79F7 /* X-Squad */,
				B6EC67C121F72C7C00D2BA5D /* data */,
				B662FB0B21DD4C0000EF79F7 /* Products */,
				B662FB4021DE657C00EF79F7 /* Frameworks */,
			);
			sourceTree = "<group>";
			usesTabs = 1;
		};
		B662FB0B21DD4C0000EF79F7 /* Products */ = {
			isa = PBXGroup;
			children = (
				B662FB0A21DD4C0000EF79F7 /* X-Squad.app */,
			);
			name = Products;
			sourceTree = "<group>";
		};
		B662FB0C21DD4C0000EF79F7 /* X-Squad */ = {
			isa = PBXGroup;
			children = (
				B65F92AF222ACAA2005CCBEE /* X-Squad.entitlements */,
				B662FB0D21DD4C0000EF79F7 /* AppDelegate.swift */,
				B671CA5521F0D1280034C7C9 /* Screens */,
				B671CA5621F0D1360034C7C9 /* Components */,
				B65BCCDE21E4BD4E005721A7 /* Fonts */,
				B65BCC9C21E3BA06005721A7 /* Transitions */,
				B662FB2F21DE1D8E00EF79F7 /* Services */,
				B662FB2221DD4CB300EF79F7 /* Models */,
				B662FB1421DD4C0400EF79F7 /* Assets.xcassets */,
				B662FB1621DD4C0400EF79F7 /* LaunchScreen.storyboard */,
				B662FB1921DD4C0400EF79F7 /* Info.plist */,
			);
			path = "X-Squad";
			sourceTree = "<group>";
		};
		B662FB2221DD4CB300EF79F7 /* Models */ = {
			isa = PBXGroup;
			children = (
				B6D4C8D422143AD6002D598A /* Game */,
				B6F6065921FA52EB00D108E6 /* XWS */,
				B6EC67E321F76D1F00D2BA5D /* Card */,
				B6EC67D421F736CC00D2BA5D /* Data */,
				B6EC67D521F7380600D2BA5D /* Squad */,
			);
			path = Models;
			sourceTree = "<group>";
		};
		B662FB2F21DE1D8E00EF79F7 /* Services */ = {
			isa = PBXGroup;
			children = (
				B671C93621E767AD0034C7C9 /* SquadStore.swift */,
				B6A48E58222C1A3E0003DB3F /* SquadCloudStore.swift */,
				B6EC67E621F76E9500D2BA5D /* DataStore.swift */,
				B6EC67E821F8A7E800D2BA5D /* CardSearch.swift */,
			);
			path = Services;
			sourceTree = "<group>";
		};
		B662FB4021DE657C00EF79F7 /* Frameworks */ = {
			isa = PBXGroup;
			children = (
				B6DCAD4B222DC924001F1DD8 /* Zip.framework */,
				B65F92B0222ACAAB005CCBEE /* CloudKit.framework */,
				B662FB5121DFC3A400EF79F7 /* Kingfisher.framework */,
			);
			name = Frameworks;
			sourceTree = "<group>";
		};
		B662FB4621DE75A400EF79F7 /* Card Details */ = {
			isa = PBXGroup;
			children = (
				B671CA5821F0D16D0034C7C9 /* Card View */,
				B6F6068B220332BE00D108E6 /* Dial */,
				B606AFF8221B4D39009056E3 /* Upgrades */,
				B6E3EBC1221F2B5F00EDB318 /* CardDetailsCollectionViewController.swift */,
				B6E3EBC3221F314100EDB318 /* CardDetailsCollectionViewCell.swift */,
			);
			path = "Card Details";
			sourceTree = "<group>";
		};
		B66A14A92215F6A3001C6D8E /* Button */ = {
			isa = PBXGroup;
			children = (
				B66A14AA2215F6AB001C6D8E /* XButton.swift */,
			);
			path = Button;
			sourceTree = "<group>";
		};
		B66BE41B220E46550011203C /* Squads */ = {
			isa = PBXGroup;
			children = (
				B671C94021E7BC470034C7C9 /* Squad */,
				B671C94721E8E3AD0034C7C9 /* Add Pilot */,
				B671C98B21EBC53B0034C7C9 /* Select Upgrade */,
				B6F6065E21FA6F7400D108E6 /* XWS */,
				B671C93B21E76C370034C7C9 /* New Squad */,
				B6D4C8DB22146CA3002D598A /* Edit Squads */,
				B66BE41C220E46630011203C /* SquadsViewController.swift */,
				B671C93E21E798410034C7C9 /* SquadCell.swift */,
				B60E895021F14A4C00A58579 /* SquadsEmptyView.swift */,
			);
			path = Squads;
			sourceTree = "<group>";
		};
		B671C90C21E6519C0034C7C9 /* Image Download */ = {
			isa = PBXGroup;
			children = (
				B671C90D21E651AE0034C7C9 /* ImageDownloadViewController.swift */,
			);
			path = "Image Download";
			sourceTree = "<group>";
		};
		B671C93821E76B950034C7C9 /* SearchResults */ = {
			isa = PBXGroup;
			children = (
				B662FB4D21DEB7E400EF79F7 /* SearchResultsViewController.swift */,
			);
			path = SearchResults;
			sourceTree = "<group>";
		};
		B671C93B21E76C370034C7C9 /* New Squad */ = {
			isa = PBXGroup;
			children = (
				B671C93921E76C2D0034C7C9 /* NewSquadViewController.swift */,
				B671C93C21E76DC80034C7C9 /* FactionCell.swift */,
			);
			path = "New Squad";
			sourceTree = "<group>";
		};
		B671C94021E7BC470034C7C9 /* Squad */ = {
			isa = PBXGroup;
			children = (
				B671C94121E7BC540034C7C9 /* SquadViewController.swift */,
				B671C98821EBC0E50034C7C9 /* Header */,
				B6F6067021FB614E00D108E6 /* Empty View */,
				B6DABABC222091320051E8DA /* Info */,
			);
			path = Squad;
			sourceTree = "<group>";
		};
		B671C94721E8E3AD0034C7C9 /* Add Pilot */ = {
			isa = PBXGroup;
			children = (
				B671C94821E8E3BC0034C7C9 /* AddPilotViewController.swift */,
			);
			path = "Add Pilot";
			sourceTree = "<group>";
		};
		B671C97C21E8FEBF0034C7C9 /* Cards Collection */ = {
			isa = PBXGroup;
			children = (
				B671C97D21E8FED00034C7C9 /* CardsCollectionViewController.swift */,
				B662FB4421DE6CAB00EF79F7 /* CardCollectionViewLayout.swift */,
				B662FB3B21DE5F2900EF79F7 /* CardCollectionViewCell.swift */,
				B671C98021E90BDD0034C7C9 /* CardsSectionHeaderView.swift */,
			);
			path = "Cards Collection";
			sourceTree = "<group>";
		};
		B671C98321E9614D0034C7C9 /* Member */ = {
			isa = PBXGroup;
			children = (
				B671C9CB21EFEF400034C7C9 /* EditMemberView.swift */,
			);
			path = Member;
			sourceTree = "<group>";
		};
		B671C98821EBC0E50034C7C9 /* Header */ = {
			isa = PBXGroup;
			children = (
				B671C98921EBC0F10034C7C9 /* SquadHeaderView.swift */,
			);
			path = Header;
			sourceTree = "<group>";
		};
		B671C98B21EBC53B0034C7C9 /* Select Upgrade */ = {
			isa = PBXGroup;
			children = (
				B671C98C21EBC54E0034C7C9 /* SelectUpgradeViewController.swift */,
			);
			path = "Select Upgrade";
			sourceTree = "<group>";
		};
		B671C9C721EE11420034C7C9 /* Pull Down to Dismiss */ = {
			isa = PBXGroup;
			children = (
				B671C9C821EE11740034C7C9 /* PullToDismissController.swift */,
			);
			path = "Pull Down to Dismiss";
			sourceTree = "<group>";
		};
		B671CA5521F0D1280034C7C9 /* Screens */ = {
			isa = PBXGroup;
			children = (
				B6E39673220F3195001451C1 /* Game */,
				B66BE41B220E46550011203C /* Squads */,
				B6E39672220F2A05001451C1 /* Search */,
				B65BCD4521E53C4A005721A7 /* Settings */,
			);
			path = Screens;
			sourceTree = "<group>";
		};
		B671CA5621F0D1360034C7C9 /* Components */ = {
			isa = PBXGroup;
			children = (
				B662FB4621DE75A400EF79F7 /* Card Details */,
				B66A14A92215F6A3001C6D8E /* Button */,
				B6F60678220201A900D108E6 /* Small Button */,
				B671CA5C21F0F4220034C7C9 /* Squad Button */,
				B671CA5921F0D1F10034C7C9 /* Member View */,
				B671C97C21E8FEBF0034C7C9 /* Cards Collection */,
				B65BCD4221E4EB77005721A7 /* Upgrade Button */,
				B65BCD3621E4C37E005721A7 /* Cost */,
			);
			path = Components;
			sourceTree = "<group>";
		};
		B671CA5821F0D16D0034C7C9 /* Card View */ = {
			isa = PBXGroup;
			children = (
				B662FB4921DE79F900EF79F7 /* CardView.swift */,
			);
			path = "Card View";
			sourceTree = "<group>";
		};
		B671CA5921F0D1F10034C7C9 /* Member View */ = {
			isa = PBXGroup;
			children = (
				B671C94521E8BBC80034C7C9 /* MemberView.swift */,
			);
			path = "Member View";
			sourceTree = "<group>";
		};
		B671CA5C21F0F4220034C7C9 /* Squad Button */ = {
			isa = PBXGroup;
			children = (
				B671CA5D21F0F4300034C7C9 /* SquadButton.swift */,
			);
			path = "Squad Button";
			sourceTree = "<group>";
		};
		B6D4C8D422143AD6002D598A /* Game */ = {
			isa = PBXGroup;
			children = (
				B6D4C8D522143AE3002D598A /* Game.swift */,
			);
			path = Game;
			sourceTree = "<group>";
		};
		B6D4C8DB22146CA3002D598A /* Edit Squads */ = {
			isa = PBXGroup;
			children = (
				B6D4C8DC22146CB2002D598A /* EditSquadsViewController.swift */,
				B6D4C8E52214840A002D598A /* EditSquadViewController.swift */,
				B671C98321E9614D0034C7C9 /* Member */,
			);
			path = "Edit Squads";
			sourceTree = "<group>";
		};
		B6DABABC222091320051E8DA /* Info */ = {
			isa = PBXGroup;
			children = (
				B6DABABD222091450051E8DA /* SquadInfoViewController.swift */,
				B6DABABF222093BD0051E8DA /* SquadInfoActionButton.swift */,
			);
			path = Info;
			sourceTree = "<group>";
		};
		B6E39672220F2A05001451C1 /* Search */ = {
			isa = PBXGroup;
			children = (
				B6E39670220F29FE001451C1 /* SearchViewController.swift */,
				B671C93821E76B950034C7C9 /* SearchResults */,
			);
			path = Search;
			sourceTree = "<group>";
		};
		B6E39673220F3195001451C1 /* Game */ = {
			isa = PBXGroup;
			children = (
				B6E39674220F319E001451C1 /* GameViewController.swift */,
				B6D4C8D72214634D002D598A /* NewGameViewController.swift */,
				B6D4C8D922146C27002D598A /* SelectSquadViewController.swift */,
				B6D4C8E322148214002D598A /* GameSquadViewController.swift */,
				B6D4C8E92214A4E3002D598A /* GameMemberView.swift */,
				B6D4C8EB2214AB46002D598A /* GameSquadMemberStateView.swift */,
				B6D4C8ED2214BAD1002D598A /* TokenView.swift */,
				B6D4C8EF2214BE92002D598A /* TokenStackView.swift */,
				B66A14A72215F324001C6D8E /* TimerView.swift */,
			);
			path = Game;
			sourceTree = "<group>";
		};
		B6EC67D421F736CC00D2BA5D /* Data */ = {
			isa = PBXGroup;
			children = (
				B6EC67D021F7361700D2BA5D /* Ship.swift */,
				B6EC67D721F73B7300D2BA5D /* Pilot.swift */,
				B6EC67D221F736C800D2BA5D /* Faction.swift */,
				B6EC67D921F73C0B00D2BA5D /* Upgrade.swift */,
				B6EC67DB21F7501B00D2BA5D /* Action.swift */,
				B6EC67DD21F7545C00D2BA5D /* Force.swift */,
				B6EC67DF21F7577200D2BA5D /* Charges.swift */,
			);
			path = Data;
			sourceTree = "<group>";
		};
		B6EC67D521F7380600D2BA5D /* Squad */ = {
			isa = PBXGroup;
			children = (
				B671C93421E7589F0034C7C9 /* Squad.swift */,
				B6EC67E121F75B1500D2BA5D /* Member.swift */,
			);
			path = Squad;
			sourceTree = "<group>";
		};
		B6EC67E321F76D1F00D2BA5D /* Card */ = {
			isa = PBXGroup;
			children = (
				B6EC67E421F76D2600D2BA5D /* Card.swift */,
			);
			path = Card;
			sourceTree = "<group>";
		};
		B6F6065921FA52EB00D108E6 /* XWS */ = {
			isa = PBXGroup;
			children = (
				B6F6065A21FA546300D108E6 /* XWS.swift */,
				B6F6065C21FA59DC00D108E6 /* XWSConverter.swift */,
			);
			path = XWS;
			sourceTree = "<group>";
		};
		B6F6065E21FA6F7400D108E6 /* XWS */ = {
			isa = PBXGroup;
			children = (
				B6F6065F21FA72ED00D108E6 /* QRCodeViewController.swift */,
				B6F6066621FB518100D108E6 /* ScanViewController.swift */,
			);
			path = XWS;
			sourceTree = "<group>";
		};
		B6F6067021FB614E00D108E6 /* Empty View */ = {
			isa = PBXGroup;
			children = (
				B6F6066E21FB614A00D108E6 /* SquadEmptyView.swift */,
			);
			path = "Empty View";
			sourceTree = "<group>";
		};
		B6F60678220201A900D108E6 /* Small Button */ = {
			isa = PBXGroup;
			children = (
				B6F60679220201B300D108E6 /* SmallButton.swift */,
			);
			path = "Small Button";
			sourceTree = "<group>";
		};
		B6F6068B220332BE00D108E6 /* Dial */ = {
			isa = PBXGroup;
			children = (
				B6F6068C220332CD00D108E6 /* DialView.swift */,
			);
			path = Dial;
			sourceTree = "<group>";
		};
/* End PBXGroup section */

/* Begin PBXNativeTarget section */
		B662FB0921DD4C0000EF79F7 /* X-Squad */ = {
			isa = PBXNativeTarget;
			buildConfigurationList = B662FB1C21DD4C0400EF79F7 /* Build configuration list for PBXNativeTarget "X-Squad" */;
			buildPhases = (
				B662FB0621DD4C0000EF79F7 /* Sources */,
				B662FB0721DD4C0000EF79F7 /* Frameworks */,
				B662FB0821DD4C0000EF79F7 /* Resources */,
				B662FB2B21DE1BED00EF79F7 /* Embed Frameworks */,
				B662FB4321DE658A00EF79F7 /* Copy Carthage Frameworks */,
				B671C98221E95D1F0034C7C9 /* Reveal */,
				B6EC675321F72B1D00D2BA5D /* Copy X-Wing Data */,
			);
			buildRules = (
			);
			dependencies = (
			);
			name = "X-Squad";
			productName = "X-Squad";
			productReference = B662FB0A21DD4C0000EF79F7 /* X-Squad.app */;
			productType = "com.apple.product-type.application";
		};
/* End PBXNativeTarget section */

/* Begin PBXProject section */
		B662FB0221DD4C0000EF79F7 /* Project object */ = {
			isa = PBXProject;
			attributes = {
				LastSwiftUpdateCheck = 1010;
				LastUpgradeCheck = 1010;
				ORGANIZATIONNAME = Avario;
				TargetAttributes = {
					B662FB0921DD4C0000EF79F7 = {
						CreatedOnToolsVersion = 10.1;
						SystemCapabilities = {
							com.apple.BackgroundModes = {
								enabled = 1;
							};
							com.apple.Push = {
								enabled = 1;
							};
							com.apple.iCloud = {
								enabled = 1;
							};
						};
					};
				};
			};
			buildConfigurationList = B662FB0521DD4C0000EF79F7 /* Build configuration list for PBXProject "X-Squad" */;
			compatibilityVersion = "Xcode 9.3";
			developmentRegion = en;
			hasScannedForEncodings = 0;
			knownRegions = (
				en,
				Base,
			);
			mainGroup = B662FB0121DD4C0000EF79F7;
			productRefGroup = B662FB0B21DD4C0000EF79F7 /* Products */;
			projectDirPath = "";
			projectRoot = "";
			targets = (
				B662FB0921DD4C0000EF79F7 /* X-Squad */,
			);
		};
/* End PBXProject section */

/* Begin PBXResourcesBuildPhase section */
		B662FB0821DD4C0000EF79F7 /* Resources */ = {
			isa = PBXResourcesBuildPhase;
			buildActionMask = 2147483647;
			files = (
				B662FB1821DD4C0400EF79F7 /* LaunchScreen.storyboard in Resources */,
				B65BCD3021E4BE01005721A7 /* kimberley bl.ttf in Resources */,
				B6F6065821FA330700D108E6 /* xwing-miniatures-ships.ttf in Resources */,
				B662FB1521DD4C0400EF79F7 /* Assets.xcassets in Resources */,
				B6F6065721FA330700D108E6 /* xwing-miniatures.ttf in Resources */,
			);
			runOnlyForDeploymentPostprocessing = 0;
		};
/* End PBXResourcesBuildPhase section */

/* Begin PBXShellScriptBuildPhase section */
		B662FB4321DE658A00EF79F7 /* Copy Carthage Frameworks */ = {
			isa = PBXShellScriptBuildPhase;
			buildActionMask = 2147483647;
			files = (
			);
			inputFileListPaths = (
			);
			inputPaths = (
				"$(SRCROOT)/Carthage/Build/iOS/Kingfisher.framework",
				"$(SRCROOT)/Carthage/Build/iOS/Zip.framework",
			);
			name = "Copy Carthage Frameworks";
			outputFileListPaths = (
			);
			outputPaths = (
				"$(BUILT_PRODUCTS_DIR)/$(FRAMEWORKS_FOLDER_PATH)/Kingfisher.framework",
				"$(BUILT_PRODUCTS_DIR)/$(FRAMEWORKS_FOLDER_PATH)/Zip.framework",
			);
			runOnlyForDeploymentPostprocessing = 0;
			shellPath = /bin/sh;
			shellScript = "/usr/local/bin/carthage copy-frameworks\n";
		};
		B671C98221E95D1F0034C7C9 /* Reveal */ = {
			isa = PBXShellScriptBuildPhase;
			buildActionMask = 2147483647;
			files = (
			);
			inputFileListPaths = (
			);
			inputPaths = (
			);
			name = Reveal;
			outputFileListPaths = (
			);
			outputPaths = (
			);
			runOnlyForDeploymentPostprocessing = 0;
			shellPath = /bin/sh;
			shellScript = "REVEAL_APP_PATH=$(mdfind kMDItemCFBundleIdentifier=\"com.ittybittyapps.Reveal2\" | head -n 1)\nBUILD_SCRIPT_PATH=\"${REVEAL_APP_PATH}/Contents/SharedSupport/Scripts/reveal_server_build_phase.sh\"\nif [ \"${REVEAL_APP_PATH}\" -a -e \"${BUILD_SCRIPT_PATH}\" ]; then\n\"${BUILD_SCRIPT_PATH}\"\nelse\necho \"Reveal Server not loaded: Cannot find a compatible Reveal app.\"\nfi\n";
		};
/* End PBXShellScriptBuildPhase section */

/* Begin PBXSourcesBuildPhase section */
		B662FB0621DD4C0000EF79F7 /* Sources */ = {
			isa = PBXSourcesBuildPhase;
			buildActionMask = 2147483647;
			files = (
				B671C93521E7589F0034C7C9 /* Squad.swift in Sources */,
				B65BCD3A21E4C5E2005721A7 /* Fonts.swift in Sources */,
				B6EC67D821F73B7300D2BA5D /* Pilot.swift in Sources */,
				B6EC67DE21F7545C00D2BA5D /* Force.swift in Sources */,
				B671C93A21E76C2D0034C7C9 /* NewSquadViewController.swift in Sources */,
				B671C9C921EE11740034C7C9 /* PullToDismissController.swift in Sources */,
				B671C93D21E76DC80034C7C9 /* FactionCell.swift in Sources */,
				B6DABABE222091450051E8DA /* SquadInfoViewController.swift in Sources */,
				B6E39675220F319E001451C1 /* GameViewController.swift in Sources */,
				B6EC67DC21F7501B00D2BA5D /* Action.swift in Sources */,
				B6D4C8E62214840A002D598A /* EditSquadViewController.swift in Sources */,
				B65BCD3821E4C388005721A7 /* CostView.swift in Sources */,
				B6F6068D220332CD00D108E6 /* DialView.swift in Sources */,
				B662FB4521DE6CAB00EF79F7 /* CardCollectionViewLayout.swift in Sources */,
				B671C9CC21EFEF400034C7C9 /* EditMemberView.swift in Sources */,
				B66BE41D220E46630011203C /* SquadsViewController.swift in Sources */,
				B6EC67E721F76E9500D2BA5D /* DataStore.swift in Sources */,
				B671C93F21E798410034C7C9 /* SquadCell.swift in Sources */,
				B6EC67E921F8A7E800D2BA5D /* CardSearch.swift in Sources */,
				B65BCD4721E53C5B005721A7 /* SettingsViewController.swift in Sources */,
				B671C94621E8BBC80034C7C9 /* MemberView.swift in Sources */,
				B65BCD4121E4E7A6005721A7 /* XwingIcons.swift in Sources */,
				B6EC67E221F75B1500D2BA5D /* Member.swift in Sources */,
				B6F6065B21FA546300D108E6 /* XWS.swift in Sources */,
				B662FB4E21DEB7E400EF79F7 /* SearchResultsViewController.swift in Sources */,
				B6D4C8DD22146CB2002D598A /* EditSquadsViewController.swift in Sources */,
				B671C98A21EBC0F10034C7C9 /* SquadHeaderView.swift in Sources */,
				B6F6066021FA72ED00D108E6 /* QRCodeViewController.swift in Sources */,
				B6EC67D121F7361700D2BA5D /* Ship.swift in Sources */,
				B662FB3C21DE5F2900EF79F7 /* CardCollectionViewCell.swift in Sources */,
				B6F6067A220201B300D108E6 /* SmallButton.swift in Sources */,
				B6DABAC0222093BD0051E8DA /* SquadInfoActionButton.swift in Sources */,
				B662FB4A21DE79F900EF79F7 /* CardView.swift in Sources */,
				B671C90E21E651AE0034C7C9 /* ImageDownloadViewController.swift in Sources */,
				B6F6065D21FA59DC00D108E6 /* XWSConverter.swift in Sources */,
				B6EC67D321F736C800D2BA5D /* Faction.swift in Sources */,
				B6F6066F21FB614A00D108E6 /* SquadEmptyView.swift in Sources */,
				B6D4C8EC2214AB46002D598A /* GameSquadMemberStateView.swift in Sources */,
				B6D4C8D82214634D002D598A /* NewGameViewController.swift in Sources */,
				B6EC67E521F76D2600D2BA5D /* Card.swift in Sources */,
				B671C97E21E8FED00034C7C9 /* CardsCollectionViewController.swift in Sources */,
				B6D4C8F02214BE92002D598A /* TokenStackView.swift in Sources */,
				B6A48E59222C1A3E0003DB3F /* SquadCloudStore.swift in Sources */,
				B6EC67DA21F73C0B00D2BA5D /* Upgrade.swift in Sources */,
				B65BCC9E21E3BA25005721A7 /* CardsPresentAnimationController.swift in Sources */,
				B671C98D21EBC54E0034C7C9 /* SelectUpgradeViewController.swift in Sources */,
				B671C94921E8E3BC0034C7C9 /* AddPilotViewController.swift in Sources */,
				B65BCCA021E3BA37005721A7 /* CardsDismissAnimationController.swift in Sources */,
				B6E39671220F29FE001451C1 /* SearchViewController.swift in Sources */,
				B60E895121F14A4C00A58579 /* SquadsEmptyView.swift in Sources */,
				B6D4C8D622143AE3002D598A /* Game.swift in Sources */,
				B6E3EBC2221F2B5F00EDB318 /* CardDetailsCollectionViewController.swift in Sources */,
				B6D4C8EA2214A4E3002D598A /* GameMemberView.swift in Sources */,
				B6EC67E021F7577200D2BA5D /* Charges.swift in Sources */,
				B65BCD4421E4EB86005721A7 /* UpgradeButton.swift in Sources */,
				B6D4C8EE2214BAD1002D598A /* TokenView.swift in Sources */,
				B66A14A82215F324001C6D8E /* TimerView.swift in Sources */,
				B65BCD4921E53DEE005721A7 /* SettingCell.swift in Sources */,
				B66A14AB2215F6AB001C6D8E /* XButton.swift in Sources */,
				B6F6066721FB518100D108E6 /* ScanViewController.swift in Sources */,
				B662FB0E21DD4C0000EF79F7 /* AppDelegate.swift in Sources */,
				B671C98121E90BDD0034C7C9 /* CardsSectionHeaderView.swift in Sources */,
				B65BCD4C21E543EC005721A7 /* AcknowledgementsViewController.swift in Sources */,
				B6D4C8DA22146C27002D598A /* SelectSquadViewController.swift in Sources */,
				B671C93721E767AD0034C7C9 /* SquadStore.swift in Sources */,
				B606AFFA221B4D5D009056E3 /* UpgradeSlotsBar.swift in Sources */,
				B65BCD5521E561AF005721A7 /* DownloadViewController.swift in Sources */,
				B65BCD4F21E54852005721A7 /* DisclaimerViewController.swift in Sources */,
				B671CA5E21F0F4310034C7C9 /* SquadButton.swift in Sources */,
				B6E3EBC4221F314100EDB318 /* CardDetailsCollectionViewCell.swift in Sources */,
				B6D4C8E422148214002D598A /* GameSquadViewController.swift in Sources */,
				B671C94221E7BC540034C7C9 /* SquadViewController.swift in Sources */,
			);
			runOnlyForDeploymentPostprocessing = 0;
		};
/* End PBXSourcesBuildPhase section */

/* Begin PBXVariantGroup section */
		B662FB1621DD4C0400EF79F7 /* LaunchScreen.storyboard */ = {
			isa = PBXVariantGroup;
			children = (
				B662FB1721DD4C0400EF79F7 /* Base */,
			);
			name = LaunchScreen.storyboard;
			sourceTree = "<group>";
		};
/* End PBXVariantGroup section */

/* Begin XCBuildConfiguration section */
		B662FB1A21DD4C0400EF79F7 /* Debug */ = {
			isa = XCBuildConfiguration;
			buildSettings = {
				ALWAYS_SEARCH_USER_PATHS = NO;
				CLANG_ANALYZER_NONNULL = YES;
				CLANG_ANALYZER_NUMBER_OBJECT_CONVERSION = YES_AGGRESSIVE;
				CLANG_CXX_LANGUAGE_STANDARD = "gnu++14";
				CLANG_CXX_LIBRARY = "libc++";
				CLANG_ENABLE_MODULES = YES;
				CLANG_ENABLE_OBJC_ARC = YES;
				CLANG_ENABLE_OBJC_WEAK = YES;
				CLANG_WARN_BLOCK_CAPTURE_AUTORELEASING = YES;
				CLANG_WARN_BOOL_CONVERSION = YES;
				CLANG_WARN_COMMA = YES;
				CLANG_WARN_CONSTANT_CONVERSION = YES;
				CLANG_WARN_DEPRECATED_OBJC_IMPLEMENTATIONS = YES;
				CLANG_WARN_DIRECT_OBJC_ISA_USAGE = YES_ERROR;
				CLANG_WARN_DOCUMENTATION_COMMENTS = YES;
				CLANG_WARN_EMPTY_BODY = YES;
				CLANG_WARN_ENUM_CONVERSION = YES;
				CLANG_WARN_INFINITE_RECURSION = YES;
				CLANG_WARN_INT_CONVERSION = YES;
				CLANG_WARN_NON_LITERAL_NULL_CONVERSION = YES;
				CLANG_WARN_OBJC_IMPLICIT_RETAIN_SELF = YES;
				CLANG_WARN_OBJC_LITERAL_CONVERSION = YES;
				CLANG_WARN_OBJC_ROOT_CLASS = YES_ERROR;
				CLANG_WARN_RANGE_LOOP_ANALYSIS = YES;
				CLANG_WARN_STRICT_PROTOTYPES = YES;
				CLANG_WARN_SUSPICIOUS_MOVE = YES;
				CLANG_WARN_UNGUARDED_AVAILABILITY = YES_AGGRESSIVE;
				CLANG_WARN_UNREACHABLE_CODE = YES;
				CLANG_WARN__DUPLICATE_METHOD_MATCH = YES;
				CODE_SIGN_IDENTITY = "iPhone Developer";
				COPY_PHASE_STRIP = NO;
				DEBUG_INFORMATION_FORMAT = dwarf;
				ENABLE_STRICT_OBJC_MSGSEND = YES;
				ENABLE_TESTABILITY = YES;
				GCC_C_LANGUAGE_STANDARD = gnu11;
				GCC_DYNAMIC_NO_PIC = NO;
				GCC_NO_COMMON_BLOCKS = YES;
				GCC_OPTIMIZATION_LEVEL = 0;
				GCC_PREPROCESSOR_DEFINITIONS = (
					"DEBUG=1",
					"$(inherited)",
				);
				GCC_WARN_64_TO_32_BIT_CONVERSION = YES;
				GCC_WARN_ABOUT_RETURN_TYPE = YES_ERROR;
				GCC_WARN_UNDECLARED_SELECTOR = YES;
				GCC_WARN_UNINITIALIZED_AUTOS = YES_AGGRESSIVE;
				GCC_WARN_UNUSED_FUNCTION = YES;
				GCC_WARN_UNUSED_VARIABLE = YES;
				IPHONEOS_DEPLOYMENT_TARGET = 12.1;
				MTL_ENABLE_DEBUG_INFO = INCLUDE_SOURCE;
				MTL_FAST_MATH = YES;
				ONLY_ACTIVE_ARCH = YES;
				SDKROOT = iphoneos;
				SWIFT_ACTIVE_COMPILATION_CONDITIONS = DEBUG;
				SWIFT_OPTIMIZATION_LEVEL = "-Onone";
			};
			name = Debug;
		};
		B662FB1B21DD4C0400EF79F7 /* Release */ = {
			isa = XCBuildConfiguration;
			buildSettings = {
				ALWAYS_SEARCH_USER_PATHS = NO;
				CLANG_ANALYZER_NONNULL = YES;
				CLANG_ANALYZER_NUMBER_OBJECT_CONVERSION = YES_AGGRESSIVE;
				CLANG_CXX_LANGUAGE_STANDARD = "gnu++14";
				CLANG_CXX_LIBRARY = "libc++";
				CLANG_ENABLE_MODULES = YES;
				CLANG_ENABLE_OBJC_ARC = YES;
				CLANG_ENABLE_OBJC_WEAK = YES;
				CLANG_WARN_BLOCK_CAPTURE_AUTORELEASING = YES;
				CLANG_WARN_BOOL_CONVERSION = YES;
				CLANG_WARN_COMMA = YES;
				CLANG_WARN_CONSTANT_CONVERSION = YES;
				CLANG_WARN_DEPRECATED_OBJC_IMPLEMENTATIONS = YES;
				CLANG_WARN_DIRECT_OBJC_ISA_USAGE = YES_ERROR;
				CLANG_WARN_DOCUMENTATION_COMMENTS = YES;
				CLANG_WARN_EMPTY_BODY = YES;
				CLANG_WARN_ENUM_CONVERSION = YES;
				CLANG_WARN_INFINITE_RECURSION = YES;
				CLANG_WARN_INT_CONVERSION = YES;
				CLANG_WARN_NON_LITERAL_NULL_CONVERSION = YES;
				CLANG_WARN_OBJC_IMPLICIT_RETAIN_SELF = YES;
				CLANG_WARN_OBJC_LITERAL_CONVERSION = YES;
				CLANG_WARN_OBJC_ROOT_CLASS = YES_ERROR;
				CLANG_WARN_RANGE_LOOP_ANALYSIS = YES;
				CLANG_WARN_STRICT_PROTOTYPES = YES;
				CLANG_WARN_SUSPICIOUS_MOVE = YES;
				CLANG_WARN_UNGUARDED_AVAILABILITY = YES_AGGRESSIVE;
				CLANG_WARN_UNREACHABLE_CODE = YES;
				CLANG_WARN__DUPLICATE_METHOD_MATCH = YES;
				CODE_SIGN_IDENTITY = "iPhone Developer";
				COPY_PHASE_STRIP = NO;
				DEBUG_INFORMATION_FORMAT = "dwarf-with-dsym";
				ENABLE_NS_ASSERTIONS = NO;
				ENABLE_STRICT_OBJC_MSGSEND = YES;
				GCC_C_LANGUAGE_STANDARD = gnu11;
				GCC_NO_COMMON_BLOCKS = YES;
				GCC_WARN_64_TO_32_BIT_CONVERSION = YES;
				GCC_WARN_ABOUT_RETURN_TYPE = YES_ERROR;
				GCC_WARN_UNDECLARED_SELECTOR = YES;
				GCC_WARN_UNINITIALIZED_AUTOS = YES_AGGRESSIVE;
				GCC_WARN_UNUSED_FUNCTION = YES;
				GCC_WARN_UNUSED_VARIABLE = YES;
				IPHONEOS_DEPLOYMENT_TARGET = 12.1;
				MTL_ENABLE_DEBUG_INFO = NO;
				MTL_FAST_MATH = YES;
				SDKROOT = iphoneos;
				SWIFT_COMPILATION_MODE = wholemodule;
				SWIFT_OPTIMIZATION_LEVEL = "-O";
				VALIDATE_PRODUCT = YES;
			};
			name = Release;
		};
		B662FB1D21DD4C0400EF79F7 /* Debug */ = {
			isa = XCBuildConfiguration;
			buildSettings = {
				ASSETCATALOG_COMPILER_APPICON_NAME = AppIcon;
				CODE_SIGN_ENTITLEMENTS = "X-Squad/X-Squad.entitlements";
				CODE_SIGN_STYLE = Automatic;
				DEVELOPMENT_TEAM = J2Z2X63L8Q;
				FRAMEWORK_SEARCH_PATHS = (
					"$(inherited)",
					"$(PROJECT_DIR)/Carthage/Build/iOS",
				);
				INFOPLIST_FILE = "X-Squad/Info.plist";
				LD_RUNPATH_SEARCH_PATHS = (
					"$(inherited)",
					"@executable_path/Frameworks",
				);
				PRODUCT_BUNDLE_IDENTIFIER = com.avario.XSquad;
				PRODUCT_NAME = "$(TARGET_NAME)";
				SWIFT_VERSION = 4.2;
				TARGETED_DEVICE_FAMILY = "1,2";
			};
			name = Debug;
		};
		B662FB1E21DD4C0400EF79F7 /* Release */ = {
			isa = XCBuildConfiguration;
			buildSettings = {
				ASSETCATALOG_COMPILER_APPICON_NAME = AppIcon;
				CODE_SIGN_ENTITLEMENTS = "X-Squad/X-Squad.entitlements";
				CODE_SIGN_STYLE = Automatic;
				DEVELOPMENT_TEAM = J2Z2X63L8Q;
				FRAMEWORK_SEARCH_PATHS = (
					"$(inherited)",
					"$(PROJECT_DIR)/Carthage/Build/iOS",
				);
				INFOPLIST_FILE = "X-Squad/Info.plist";
				LD_RUNPATH_SEARCH_PATHS = (
					"$(inherited)",
					"@executable_path/Frameworks",
				);
				PRODUCT_BUNDLE_IDENTIFIER = com.avario.XSquad;
				PRODUCT_NAME = "$(TARGET_NAME)";
				SWIFT_VERSION = 4.2;
				TARGETED_DEVICE_FAMILY = "1,2";
			};
			name = Release;
		};
/* End XCBuildConfiguration section */

/* Begin XCConfigurationList section */
		B662FB0521DD4C0000EF79F7 /* Build configuration list for PBXProject "X-Squad" */ = {
			isa = XCConfigurationList;
			buildConfigurations = (
				B662FB1A21DD4C0400EF79F7 /* Debug */,
				B662FB1B21DD4C0400EF79F7 /* Release */,
			);
			defaultConfigurationIsVisible = 0;
			defaultConfigurationName = Release;
		};
		B662FB1C21DD4C0400EF79F7 /* Build configuration list for PBXNativeTarget "X-Squad" */ = {
			isa = XCConfigurationList;
			buildConfigurations = (
				B662FB1D21DD4C0400EF79F7 /* Debug */,
				B662FB1E21DD4C0400EF79F7 /* Release */,
			);
			defaultConfigurationIsVisible = 0;
			defaultConfigurationName = Release;
		};
/* End XCConfigurationList section */
	};
	rootObject = B662FB0221DD4C0000EF79F7 /* Project object */;
}
